
Microsoft Visual Studio Solution File, Format Version 12.00
# Visual Studio 15
VisualStudioVersion = 15.0.28307.902
MinimumVisualStudioVersion = 10.0.40219.1
Project("{FAE04EC0-301F-11D3-BF4B-00C04F79EFBC}") = "WindowsFormsApp1", "WindowsFormsApp1\WindowsFormsApp1.csproj", "{512109C2-BE28-41DC-93A6-B1D2B5294F49}"
EndProject
Global
	GlobalSection(SolutionConfigurationPlatforms) = preSolution
		Debug|Any CPU = Debug|Any CPU
		Release|Any CPU = Release|Any CPU
	EndGlobalSection
	GlobalSection(ProjectConfigurationPlatforms) = postSolution
		{512109C2-BE28-41DC-93A6-B1D2B5294F49}.Debug|Any CPU.ActiveCfg = Debug|Any CPU
		{512109C2-BE28-41DC-93A6-B1D2B5294F49}.Debug|Any CPU.Build.0 = Debug|Any CPU
		{512109C2-BE28-41DC-93A6-B1D2B5294F49}.Release|Any CPU.ActiveCfg = Release|Any CPU
		{512109C2-BE28-41DC-93A6-B1D2B5294F49}.Release|Any CPU.Build.0 = Release|Any CPU
	EndGlobalSection
	GlobalSection(SolutionProperties) = preSolution
		HideSolutionNode = FALSE
	EndGlobalSection
	GlobalSection(ExtensibilityGlobals) = postSolution
		SolutionGuid = {D7CE722B-EAF9-4039-870C-180393C4A08E}
	EndGlobalSection
EndGlobal
